
Microsoft Visual Studio Solution File, Format Version 12.00
# Visual Studio Version 17
VisualStudioVersion = 17.10.35122.118
MinimumVisualStudioVersion = 10.0.40219.1
Project("{9A19103F-16F7-4668-BE54-9A1E7A4F7556}") = "Yatzee School Opdracht", "Yatzee School Opdracht\Yatzee School Opdracht.csproj", "{193D215D-E28D-497D-8E5A-7E9012E9C61D}"
EndProject
Global
	GlobalSection(SolutionConfigurationPlatforms) = preSolution
		Debug|Any CPU = Debug|Any CPU
		Release|Any CPU = Release|Any CPU
	EndGlobalSection
	GlobalSection(ProjectConfigurationPlatforms) = postSolution
		{193D215D-E28D-497D-8E5A-7E9012E9C61D}.Debug|Any CPU.ActiveCfg = Debug|Any CPU
		{193D215D-E28D-497D-8E5A-7E9012E9C61D}.Debug|Any CPU.Build.0 = Debug|Any CPU
		{193D215D-E28D-497D-8E5A-7E9012E9C61D}.Release|Any CPU.ActiveCfg = Release|Any CPU
		{193D215D-E28D-497D-8E5A-7E9012E9C61D}.Release|Any CPU.Build.0 = Release|Any CPU
	EndGlobalSection
	GlobalSection(SolutionProperties) = preSolution
		HideSolutionNode = FALSE
	EndGlobalSection
	GlobalSection(ExtensibilityGlobals) = postSolution
		SolutionGuid = {1AF3FEA2-42AD-4B43-9DD2-142BFDDF58AE}
	EndGlobalSection
EndGlobal
